
Microsoft Visual Studio Solution File, Format Version 12.00
# Visual Studio Version 17
VisualStudioVersion = 17.8.34322.80
MinimumVisualStudioVersion = 10.0.40219.1
Project("{FAE04EC0-301F-11D3-BF4B-00C04F79EFBC}") = "PZ_24", "PZ_24\PZ_24.csproj", "{2C195DAF-69F5-4B85-B7FF-7F33FA610682}"
EndProject
Global
	GlobalSection(SolutionConfigurationPlatforms) = preSolution
		Debug|Any CPU = Debug|Any CPU
		Release|Any CPU = Release|Any CPU
	EndGlobalSection
	GlobalSection(ProjectConfigurationPlatforms) = postSolution
		{2C195DAF-69F5-4B85-B7FF-7F33FA610682}.Debug|Any CPU.ActiveCfg = Debug|Any CPU
		{2C195DAF-69F5-4B85-B7FF-7F33FA610682}.Debug|Any CPU.Build.0 = Debug|Any CPU
		{2C195DAF-69F5-4B85-B7FF-7F33FA610682}.Release|Any CPU.ActiveCfg = Release|Any CPU
		{2C195DAF-69F5-4B85-B7FF-7F33FA610682}.Release|Any CPU.Build.0 = Release|Any CPU
	EndGlobalSection
	GlobalSection(SolutionProperties) = preSolution
		HideSolutionNode = FALSE
	EndGlobalSection
	GlobalSection(ExtensibilityGlobals) = postSolution
		SolutionGuid = {A283DAA1-C3EE-47E5-B9E6-CAB2DD86C1A2}
	EndGlobalSection
EndGlobal
